
Microsoft Visual Studio Solution File, Format Version 12.00
# Visual Studio Version 17
VisualStudioVersion = 17.9.34723.18
MinimumVisualStudioVersion = 10.0.40219.1
Project("{FAE04EC0-301F-11D3-BF4B-00C04F79EFBC}") = "NewtonFractal", "NewtonFractal\NewtonFractal.csproj", "{A1990E17-0EA6-4AFD-8342-84B73825B141}"
EndProject
Global
	GlobalSection(SolutionConfigurationPlatforms) = preSolution
		Debug|Any CPU = Debug|Any CPU
		Release|Any CPU = Release|Any CPU
	EndGlobalSection
	GlobalSection(ProjectConfigurationPlatforms) = postSolution
		{A1990E17-0EA6-4AFD-8342-84B73825B141}.Debug|Any CPU.ActiveCfg = Debug|Any CPU
		{A1990E17-0EA6-4AFD-8342-84B73825B141}.Debug|Any CPU.Build.0 = Debug|Any CPU
		{A1990E17-0EA6-4AFD-8342-84B73825B141}.Release|Any CPU.ActiveCfg = Release|Any CPU
		{A1990E17-0EA6-4AFD-8342-84B73825B141}.Release|Any CPU.Build.0 = Release|Any CPU
	EndGlobalSection
	GlobalSection(SolutionProperties) = preSolution
		HideSolutionNode = FALSE
	EndGlobalSection
	GlobalSection(ExtensibilityGlobals) = postSolution
		SolutionGuid = {3962D982-451D-4754-A595-C98D0C57950A}
	EndGlobalSection
EndGlobal
